// !$*UTF8*$!
{
	archiveVersion = 1;
	classes = {
	};
	objectVersion = 56;
	objects = {

/* Begin PBXBuildFile section */
		AA472AC72A44089100A547F9 /* typesPage.swift in Sources */ = {isa = PBXBuildFile; fileRef = AA472AC62A44089100A547F9 /* typesPage.swift */; };
		AA472AC92A4411B900A547F9 /* TypesCollectionView.swift in Sources */ = {isa = PBXBuildFile; fileRef = AA472AC82A4411B900A547F9 /* TypesCollectionView.swift */; };
		AA5075992A46AFE30046AB15 /* shapesPage.swift in Sources */ = {isa = PBXBuildFile; fileRef = AA5075982A46AFE30046AB15 /* shapesPage.swift */; };
		AA50759B2A46B6E70046AB15 /* shapesCollectionView.swift in Sources */ = {isa = PBXBuildFile; fileRef = AA50759A2A46B6E70046AB15 /* shapesCollectionView.swift */; };
		AA50759D2A46BF4C0046AB15 /* animalPage.swift in Sources */ = {isa = PBXBuildFile; fileRef = AA50759C2A46BF4C0046AB15 /* animalPage.swift */; };
		AA50759F2A46C1250046AB15 /* animalCollectionView.swift in Sources */ = {isa = PBXBuildFile; fileRef = AA50759E2A46C1250046AB15 /* animalCollectionView.swift */; };
		AADAEBDD2A4022820004F3EF /* AppDelegate.swift in Sources */ = {isa = PBXBuildFile; fileRef = AADAEBDC2A4022820004F3EF /* AppDelegate.swift */; };
		AADAEBDF2A4022820004F3EF /* SceneDelegate.swift in Sources */ = {isa = PBXBuildFile; fileRef = AADAEBDE2A4022820004F3EF /* SceneDelegate.swift */; };
		AADAEBE12A4022820004F3EF /* ViewController.swift in Sources */ = {isa = PBXBuildFile; fileRef = AADAEBE02A4022820004F3EF /* ViewController.swift */; };
		AADAEBE42A4022820004F3EF /* Main.storyboard in Resources */ = {isa = PBXBuildFile; fileRef = AADAEBE22A4022820004F3EF /* Main.storyboard */; };
		AADAEBE62A4022830004F3EF /* Assets.xcassets in Resources */ = {isa = PBXBuildFile; fileRef = AADAEBE52A4022830004F3EF /* Assets.xcassets */; };
		AADAEBE92A4022830004F3EF /* LaunchScreen.storyboard in Resources */ = {isa = PBXBuildFile; fileRef = AADAEBE72A4022830004F3EF /* LaunchScreen.storyboard */; };
		AADAEBF12A402A750004F3EF /* mainPage.swift in Sources */ = {isa = PBXBuildFile; fileRef = AADAEBF02A402A750004F3EF /* mainPage.swift */; };
		AADAEBF32A402B3B0004F3EF /* CollectionView1.swift in Sources */ = {isa = PBXBuildFile; fileRef = AADAEBF22A402B3B0004F3EF /* CollectionView1.swift */; };
		AAE1617D2A45632400938C0C /* NumericPage.swift in Sources */ = {isa = PBXBuildFile; fileRef = AAE1617C2A45632400938C0C /* NumericPage.swift */; };
		AAE1617F2A4563AC00938C0C /* numericCollectionView.swift in Sources */ = {isa = PBXBuildFile; fileRef = AAE1617E2A4563AC00938C0C /* numericCollectionView.swift */; };
		AAE161812A45823500938C0C /* colourPage.swift in Sources */ = {isa = PBXBuildFile; fileRef = AAE161802A45823500938C0C /* colourPage.swift */; };
		AAE161832A4584B200938C0C /* colourCollectionView.swift in Sources */ = {isa = PBXBuildFile; fileRef = AAE161822A4584B200938C0C /* colourCollectionView.swift */; };
		AAFD1CBD2A4954AE00076BBF /* birdsPage.swift in Sources */ = {isa = PBXBuildFile; fileRef = AAFD1CBC2A4954AE00076BBF /* birdsPage.swift */; };
		AAFD1CBF2A4957C100076BBF /* birdsCollectionView.swift in Sources */ = {isa = PBXBuildFile; fileRef = AAFD1CBE2A4957C100076BBF /* birdsCollectionView.swift */; };
/* End PBXBuildFile section */

/* Begin PBXFileReference section */
		AA472AC62A44089100A547F9 /* typesPage.swift */ = {isa = PBXFileReference; lastKnownFileType = sourcecode.swift; path = typesPage.swift; sourceTree = "<group>"; };
		AA472AC82A4411B900A547F9 /* TypesCollectionView.swift */ = {isa = PBXFileReference; lastKnownFileType = sourcecode.swift; path = TypesCollectionView.swift; sourceTree = "<group>"; };
		AA5075982A46AFE30046AB15 /* shapesPage.swift */ = {isa = PBXFileReference; lastKnownFileType = sourcecode.swift; path = shapesPage.swift; sourceTree = "<group>"; };
		AA50759A2A46B6E70046AB15 /* shapesCollectionView.swift */ = {isa = PBXFileReference; lastKnownFileType = sourcecode.swift; path = shapesCollectionView.swift; sourceTree = "<group>"; };
		AA50759C2A46BF4C0046AB15 /* animalPage.swift */ = {isa = PBXFileReference; lastKnownFileType = sourcecode.swift; path = animalPage.swift; sourceTree = "<group>"; };
		AA50759E2A46C1250046AB15 /* animalCollectionView.swift */ = {isa = PBXFileReference; lastKnownFileType = sourcecode.swift; path = animalCollectionView.swift; sourceTree = "<group>"; };
		AADAEBD92A4022820004F3EF /* voiceapp.app */ = {isa = PBXFileReference; explicitFileType = wrapper.application; includeInIndex = 0; path = voiceapp.app; sourceTree = BUILT_PRODUCTS_DIR; };
		AADAEBDC2A4022820004F3EF /* AppDelegate.swift */ = {isa = PBXFileReference; lastKnownFileType = sourcecode.swift; path = AppDelegate.swift; sourceTree = "<group>"; };
		AADAEBDE2A4022820004F3EF /* SceneDelegate.swift */ = {isa = PBXFileReference; lastKnownFileType = sourcecode.swift; path = SceneDelegate.swift; sourceTree = "<group>"; };
		AADAEBE02A4022820004F3EF /* ViewController.swift */ = {isa = PBXFileReference; lastKnownFileType = sourcecode.swift; path = ViewController.swift; sourceTree = "<group>"; };
		AADAEBE32A4022820004F3EF /* Base */ = {isa = PBXFileReference; lastKnownFileType = file.storyboard; name = Base; path = Base.lproj/Main.storyboard; sourceTree = "<group>"; };
		AADAEBE52A4022830004F3EF /* Assets.xcassets */ = {isa = PBXFileReference; lastKnownFileType = folder.assetcatalog; path = Assets.xcassets; sourceTree = "<group>"; };
		AADAEBE82A4022830004F3EF /* Base */ = {isa = PBXFileReference; lastKnownFileType = file.storyboard; name = Base; path = Base.lproj/LaunchScreen.storyboard; sourceTree = "<group>"; };
		AADAEBEA2A4022830004F3EF /* Info.plist */ = {isa = PBXFileReference; lastKnownFileType = text.plist.xml; path = Info.plist; sourceTree = "<group>"; };
		AADAEBF02A402A750004F3EF /* mainPage.swift */ = {isa = PBXFileReference; lastKnownFileType = sourcecode.swift; path = mainPage.swift; sourceTree = "<group>"; };
		AADAEBF22A402B3B0004F3EF /* CollectionView1.swift */ = {isa = PBXFileReference; lastKnownFileType = sourcecode.swift; path = CollectionView1.swift; sourceTree = "<group>"; };
		AAE1617C2A45632400938C0C /* NumericPage.swift */ = {isa = PBXFileReference; lastKnownFileType = sourcecode.swift; path = NumericPage.swift; sourceTree = "<group>"; };
		AAE1617E2A4563AC00938C0C /* numericCollectionView.swift */ = {isa = PBXFileReference; lastKnownFileType = sourcecode.swift; path = numericCollectionView.swift; sourceTree = "<group>"; };
		AAE161802A45823500938C0C /* colourPage.swift */ = {isa = PBXFileReference; lastKnownFileType = sourcecode.swift; path = colourPage.swift; sourceTree = "<group>"; };
		AAE161822A4584B200938C0C /* colourCollectionView.swift */ = {isa = PBXFileReference; lastKnownFileType = sourcecode.swift; path = colourCollectionView.swift; sourceTree = "<group>"; };
		AAFD1CBC2A4954AE00076BBF /* birdsPage.swift */ = {isa = PBXFileReference; lastKnownFileType = sourcecode.swift; path = birdsPage.swift; sourceTree = "<group>"; };
		AAFD1CBE2A4957C100076BBF /* birdsCollectionView.swift */ = {isa = PBXFileReference; lastKnownFileType = sourcecode.swift; path = birdsCollectionView.swift; sourceTree = "<group>"; };
/* End PBXFileReference section */

/* Begin PBXFrameworksBuildPhase section */
		AADAEBD62A4022820004F3EF /* Frameworks */ = {
			isa = PBXFrameworksBuildPhase;
			buildActionMask = 2147483647;
			files = (
			);
			runOnlyForDeploymentPostprocessing = 0;
		};
/* End PBXFrameworksBuildPhase section */

/* Begin PBXGroup section */
		AA593B282A500634000564BC /* typesPage */ = {
			isa = PBXGroup;
			children = (
				AA472AC82A4411B900A547F9 /* TypesCollectionView.swift */,
				AA472AC62A44089100A547F9 /* typesPage.swift */,
			);
			path = typesPage;
			sourceTree = "<group>";
		};
		AA593B292A500668000564BC /* alphbetPage */ = {
			isa = PBXGroup;
			children = (
				AADAEBF02A402A750004F3EF /* mainPage.swift */,
				AADAEBF22A402B3B0004F3EF /* CollectionView1.swift */,
			);
			path = alphbetPage;
			sourceTree = "<group>";
		};
		AA593B2A2A5006C8000564BC /* numericPage */ = {
			isa = PBXGroup;
			children = (
				AAE1617E2A4563AC00938C0C /* numericCollectionView.swift */,
				AAE1617C2A45632400938C0C /* NumericPage.swift */,
			);
			path = numericPage;
			sourceTree = "<group>";
		};
		AA593B2B2A5006E5000564BC /* colouePAge */ = {
			isa = PBXGroup;
			children = (
				AAE161822A4584B200938C0C /* colourCollectionView.swift */,
				AAE161802A45823500938C0C /* colourPage.swift */,
			);
			path = colouePAge;
			sourceTree = "<group>";
		};
		AA593B2C2A5006F6000564BC /* shpesPage */ = {
			isa = PBXGroup;
			children = (
				AA5075982A46AFE30046AB15 /* shapesPage.swift */,
				AA50759A2A46B6E70046AB15 /* shapesCollectionView.swift */,
			);
			path = shpesPage;
			sourceTree = "<group>";
		};
		AA593B2D2A500704000564BC /* animalPAge */ = {
			isa = PBXGroup;
			children = (
				AA593B2A2A5006C8000564BC /* numericPage */,
				AA50759C2A46BF4C0046AB15 /* animalPage.swift */,
				AA50759E2A46C1250046AB15 /* animalCollectionView.swift */,
			);
			path = animalPAge;
			sourceTree = "<group>";
		};
		AA593B2E2A500731000564BC /* birdsPage */ = {
			isa = PBXGroup;
			children = (
				AAFD1CBC2A4954AE00076BBF /* birdsPage.swift */,
				AAFD1CBE2A4957C100076BBF /* birdsCollectionView.swift */,
			);
			path = birdsPage;
			sourceTree = "<group>";
		};
		AADAEBD02A4022820004F3EF = {
			isa = PBXGroup;
			children = (
				AA593B2E2A500731000564BC /* birdsPage */,
				AA593B2B2A5006E5000564BC /* colouePAge */,
				AA593B2D2A500704000564BC /* animalPAge */,
				AA593B2C2A5006F6000564BC /* shpesPage */,
				AA593B282A500634000564BC /* typesPage */,
				AA593B292A500668000564BC /* alphbetPage */,
				AADAEBDB2A4022820004F3EF /* voiceapp */,
				AADAEBDA2A4022820004F3EF /* Products */,
			);
			sourceTree = "<group>";
		};
		AADAEBDA2A4022820004F3EF /* Products */ = {
			isa = PBXGroup;
			children = (
				AADAEBD92A4022820004F3EF /* voiceapp.app */,
			);
			name = Products;
			sourceTree = "<group>";
		};
		AADAEBDB2A4022820004F3EF /* voiceapp */ = {
			isa = PBXGroup;
			children = (
				AADAEBDC2A4022820004F3EF /* AppDelegate.swift */,
				AADAEBDE2A4022820004F3EF /* SceneDelegate.swift */,
				AADAEBE02A4022820004F3EF /* ViewController.swift */,
				AADAEBE22A4022820004F3EF /* Main.storyboard */,
				AADAEBE52A4022830004F3EF /* Assets.xcassets */,
				AADAEBE72A4022830004F3EF /* LaunchScreen.storyboard */,
				AADAEBEA2A4022830004F3EF /* Info.plist */,
			);
			path = voiceapp;
			sourceTree = "<group>";
		};
/* End PBXGroup section */

/* Begin PBXNativeTarget section */
		AADAEBD82A4022820004F3EF /* voiceapp */ = {
			isa = PBXNativeTarget;
			buildConfigurationList = AADAEBED2A4022830004F3EF /* Build configuration list for PBXNativeTarget "voiceapp" */;
			buildPhases = (
				AADAEBD52A4022820004F3EF /* Sources */,
				AADAEBD62A4022820004F3EF /* Frameworks */,
				AADAEBD72A4022820004F3EF /* Resources */,
			);
			buildRules = (
			);
			dependencies = (
			);
			name = voiceapp;
			productName = voiceapp;
			productReference = AADAEBD92A4022820004F3EF /* voiceapp.app */;
			productType = "com.apple.product-type.application";
		};
/* End PBXNativeTarget section */

/* Begin PBXProject section */
		AADAEBD12A4022820004F3EF /* Project object */ = {
			isa = PBXProject;
			attributes = {
				BuildIndependentTargetsInParallel = 1;
				LastSwiftUpdateCheck = 1430;
				LastUpgradeCheck = 1430;
				TargetAttributes = {
					AADAEBD82A4022820004F3EF = {
						CreatedOnToolsVersion = 14.3.1;
					};
				};
			};
			buildConfigurationList = AADAEBD42A4022820004F3EF /* Build configuration list for PBXProject "voiceapp" */;
			compatibilityVersion = "Xcode 14.0";
			developmentRegion = en;
			hasScannedForEncodings = 0;
			knownRegions = (
				en,
				Base,
			);
			mainGroup = AADAEBD02A4022820004F3EF;
			productRefGroup = AADAEBDA2A4022820004F3EF /* Products */;
			projectDirPath = "";
			projectRoot = "";
			targets = (
				AADAEBD82A4022820004F3EF /* voiceapp */,
			);
		};
/* End PBXProject section */

/* Begin PBXResourcesBuildPhase section */
		AADAEBD72A4022820004F3EF /* Resources */ = {
			isa = PBXResourcesBuildPhase;
			buildActionMask = 2147483647;
			files = (
				AADAEBE92A4022830004F3EF /* LaunchScreen.storyboard in Resources */,
				AADAEBE62A4022830004F3EF /* Assets.xcassets in Resources */,
				AADAEBE42A4022820004F3EF /* Main.storyboard in Resources */,
			);
			runOnlyForDeploymentPostprocessing = 0;
		};
/* End PBXResourcesBuildPhase section */

/* Begin PBXSourcesBuildPhase section */
		AADAEBD52A4022820004F3EF /* Sources */ = {
			isa = PBXSourcesBuildPhase;
			buildActionMask = 2147483647;
			files = (
				AAE161812A45823500938C0C /* colourPage.swift in Sources */,
				AADAEBE12A4022820004F3EF /* ViewController.swift in Sources */,
				AADAEBDD2A4022820004F3EF /* AppDelegate.swift in Sources */,
				AADAEBDF2A4022820004F3EF /* SceneDelegate.swift in Sources */,
				AA50759D2A46BF4C0046AB15 /* animalPage.swift in Sources */,
				AA50759B2A46B6E70046AB15 /* shapesCollectionView.swift in Sources */,
				AAE161832A4584B200938C0C /* colourCollectionView.swift in Sources */,
				AADAEBF32A402B3B0004F3EF /* CollectionView1.swift in Sources */,
				AA50759F2A46C1250046AB15 /* animalCollectionView.swift in Sources */,
				AAE1617D2A45632400938C0C /* NumericPage.swift in Sources */,
				AA472AC72A44089100A547F9 /* typesPage.swift in Sources */,
				AAFD1CBD2A4954AE00076BBF /* birdsPage.swift in Sources */,
				AA5075992A46AFE30046AB15 /* shapesPage.swift in Sources */,
				AAFD1CBF2A4957C100076BBF /* birdsCollectionView.swift in Sources */,
				AAE1617F2A4563AC00938C0C /* numericCollectionView.swift in Sources */,
				AADAEBF12A402A750004F3EF /* mainPage.swift in Sources */,
				AA472AC92A4411B900A547F9 /* TypesCollectionView.swift in Sources */,
			);
			runOnlyForDeploymentPostprocessing = 0;
		};
/* End PBXSourcesBuildPhase section */

/* Begin PBXVariantGroup section */
		AADAEBE22A4022820004F3EF /* Main.storyboard */ = {
			isa = PBXVariantGroup;
			children = (
				AADAEBE32A4022820004F3EF /* Base */,
			);
			name = Main.storyboard;
			sourceTree = "<group>";
		};
		AADAEBE72A4022830004F3EF /* LaunchScreen.storyboard */ = {
			isa = PBXVariantGroup;
			children = (
				AADAEBE82A4022830004F3EF /* Base */,
			);
			name = LaunchScreen.storyboard;
			sourceTree = "<group>";
		};
/* End PBXVariantGroup section */

/* Begin XCBuildConfiguration section */
		AADAEBEB2A4022830004F3EF /* Debug */ = {
			isa = XCBuildConfiguration;
			buildSettings = {
				ALWAYS_SEARCH_USER_PATHS = NO;
				CLANG_ANALYZER_NONNULL = YES;
				CLANG_ANALYZER_NUMBER_OBJECT_CONVERSION = YES_AGGRESSIVE;
				CLANG_CXX_LANGUAGE_STANDARD = "gnu++20";
				CLANG_ENABLE_MODULES = YES;
				CLANG_ENABLE_OBJC_ARC = YES;
				CLANG_ENABLE_OBJC_WEAK = YES;
				CLANG_WARN_BLOCK_CAPTURE_AUTORELEASING = YES;
				CLANG_WARN_BOOL_CONVERSION = YES;
				CLANG_WARN_COMMA = YES;
				CLANG_WARN_CONSTANT_CONVERSION = YES;
				CLANG_WARN_DEPRECATED_OBJC_IMPLEMENTATIONS = YES;
				CLANG_WARN_DIRECT_OBJC_ISA_USAGE = YES_ERROR;
				CLANG_WARN_DOCUMENTATION_COMMENTS = YES;
				CLANG_WARN_EMPTY_BODY = YES;
				CLANG_WARN_ENUM_CONVERSION = YES;
				CLANG_WARN_INFINITE_RECURSION = YES;
				CLANG_WARN_INT_CONVERSION = YES;
				CLANG_WARN_NON_LITERAL_NULL_CONVERSION = YES;
				CLANG_WARN_OBJC_IMPLICIT_RETAIN_SELF = YES;
				CLANG_WARN_OBJC_LITERAL_CONVERSION = YES;
				CLANG_WARN_OBJC_ROOT_CLASS = YES_ERROR;
				CLANG_WARN_QUOTED_INCLUDE_IN_FRAMEWORK_HEADER = YES;
				CLANG_WARN_RANGE_LOOP_ANALYSIS = YES;
				CLANG_WARN_STRICT_PROTOTYPES = YES;
				CLANG_WARN_SUSPICIOUS_MOVE = YES;
				CLANG_WARN_UNGUARDED_AVAILABILITY = YES_AGGRESSIVE;
				CLANG_WARN_UNREACHABLE_CODE = YES;
				CLANG_WARN__DUPLICATE_METHOD_MATCH = YES;
				COPY_PHASE_STRIP = NO;
				DEBUG_INFORMATION_FORMAT = dwarf;
				ENABLE_STRICT_OBJC_MSGSEND = YES;
				ENABLE_TESTABILITY = YES;
				GCC_C_LANGUAGE_STANDARD = gnu11;
				GCC_DYNAMIC_NO_PIC = NO;
				GCC_NO_COMMON_BLOCKS = YES;
				GCC_OPTIMIZATION_LEVEL = 0;
				GCC_PREPROCESSOR_DEFINITIONS = (
					"DEBUG=1",
					"$(inherited)",
				);
				GCC_WARN_64_TO_32_BIT_CONVERSION = YES;
				GCC_WARN_ABOUT_RETURN_TYPE = YES_ERROR;
				GCC_WARN_UNDECLARED_SELECTOR = YES;
				GCC_WARN_UNINITIALIZED_AUTOS = YES_AGGRESSIVE;
				GCC_WARN_UNUSED_FUNCTION = YES;
				GCC_WARN_UNUSED_VARIABLE = YES;
				IPHONEOS_DEPLOYMENT_TARGET = 16.4;
				MTL_ENABLE_DEBUG_INFO = INCLUDE_SOURCE;
				MTL_FAST_MATH = YES;
				ONLY_ACTIVE_ARCH = YES;
				SDKROOT = iphoneos;
				SWIFT_ACTIVE_COMPILATION_CONDITIONS = DEBUG;
				SWIFT_OPTIMIZATION_LEVEL = "-Onone";
			};
			name = Debug;
		};
		AADAEBEC2A4022830004F3EF /* Release */ = {
			isa = XCBuildConfiguration;
			buildSettings = {
				ALWAYS_SEARCH_USER_PATHS = NO;
				CLANG_ANALYZER_NONNULL = YES;
				CLANG_ANALYZER_NUMBER_OBJECT_CONVERSION = YES_AGGRESSIVE;
				CLANG_CXX_LANGUAGE_STANDARD = "gnu++20";
				CLANG_ENABLE_MODULES = YES;
				CLANG_ENABLE_OBJC_ARC = YES;
				CLANG_ENABLE_OBJC_WEAK = YES;
				CLANG_WARN_BLOCK_CAPTURE_AUTORELEASING = YES;
				CLANG_WARN_BOOL_CONVERSION = YES;
				CLANG_WARN_COMMA = YES;
				CLANG_WARN_CONSTANT_CONVERSION = YES;
				CLANG_WARN_DEPRECATED_OBJC_IMPLEMENTATIONS = YES;
				CLANG_WARN_DIRECT_OBJC_ISA_USAGE = YES_ERROR;
				CLANG_WARN_DOCUMENTATION_COMMENTS = YES;
				CLANG_WARN_EMPTY_BODY = YES;
				CLANG_WARN_ENUM_CONVERSION = YES;
				CLANG_WARN_INFINITE_RECURSION = YES;
				CLANG_WARN_INT_CONVERSION = YES;
				CLANG_WARN_NON_LITERAL_NULL_CONVERSION = YES;
				CLANG_WARN_OBJC_IMPLICIT_RETAIN_SELF = YES;
				CLANG_WARN_OBJC_LITERAL_CONVERSION = YES;
				CLANG_WARN_OBJC_ROOT_CLASS = YES_ERROR;
				CLANG_WARN_QUOTED_INCLUDE_IN_FRAMEWORK_HEADER = YES;
				CLANG_WARN_RANGE_LOOP_ANALYSIS = YES;
				CLANG_WARN_STRICT_PROTOTYPES = YES;
				CLANG_WARN_SUSPICIOUS_MOVE = YES;
				CLANG_WARN_UNGUARDED_AVAILABILITY = YES_AGGRESSIVE;
				CLANG_WARN_UNREACHABLE_CODE = YES;
				CLANG_WARN__DUPLICATE_METHOD_MATCH = YES;
				COPY_PHASE_STRIP = NO;
				DEBUG_INFORMATION_FORMAT = "dwarf-with-dsym";
				ENABLE_NS_ASSERTIONS = NO;
				ENABLE_STRICT_OBJC_MSGSEND = YES;
				GCC_C_LANGUAGE_STANDARD = gnu11;
				GCC_NO_COMMON_BLOCKS = YES;
				GCC_WARN_64_TO_32_BIT_CONVERSION = YES;
				GCC_WARN_ABOUT_RETURN_TYPE = YES_ERROR;
				GCC_WARN_UNDECLARED_SELECTOR = YES;
				GCC_WARN_UNINITIALIZED_AUTOS = YES_AGGRESSIVE;
				GCC_WARN_UNUSED_FUNCTION = YES;
				GCC_WARN_UNUSED_VARIABLE = YES;
				IPHONEOS_DEPLOYMENT_TARGET = 16.4;
				MTL_ENABLE_DEBUG_INFO = NO;
				MTL_FAST_MATH = YES;
				SDKROOT = iphoneos;
				SWIFT_COMPILATION_MODE = wholemodule;
				SWIFT_OPTIMIZATION_LEVEL = "-O";
				VALIDATE_PRODUCT = YES;
			};
			name = Release;
		};
		AADAEBEE2A4022830004F3EF /* Debug */ = {
			isa = XCBuildConfiguration;
			buildSettings = {
				ASSETCATALOG_COMPILER_APPICON_NAME = AppIcon;
				ASSETCATALOG_COMPILER_GLOBAL_ACCENT_COLOR_NAME = AccentColor;
				CODE_SIGN_STYLE = Automatic;
				CURRENT_PROJECT_VERSION = 1;
				GENERATE_INFOPLIST_FILE = YES;
				INFOPLIST_FILE = voiceapp/Info.plist;
				INFOPLIST_KEY_UIApplicationSupportsIndirectInputEvents = YES;
				INFOPLIST_KEY_UILaunchStoryboardName = LaunchScreen;
				INFOPLIST_KEY_UIMainStoryboardFile = Main;
				INFOPLIST_KEY_UISupportedInterfaceOrientations_iPad = "UIInterfaceOrientationPortrait UIInterfaceOrientationPortraitUpsideDown UIInterfaceOrientationLandscapeLeft UIInterfaceOrientationLandscapeRight";
				INFOPLIST_KEY_UISupportedInterfaceOrientations_iPhone = "UIInterfaceOrientationPortrait UIInterfaceOrientationLandscapeLeft UIInterfaceOrientationLandscapeRight";
				LD_RUNPATH_SEARCH_PATHS = (
					"$(inherited)",
					"@executable_path/Frameworks",
				);
				MARKETING_VERSION = 1.0;
				PRODUCT_BUNDLE_IDENTIFIER = shaadi.com.voiceapp;
				PRODUCT_NAME = "$(TARGET_NAME)";
				SWIFT_EMIT_LOC_STRINGS = YES;
				SWIFT_VERSION = 5.0;
				TARGETED_DEVICE_FAMILY = "1,2";
			};
			name = Debug;
		};
		AADAEBEF2A4022830004F3EF /* Release */ = {
			isa = XCBuildConfiguration;
			buildSettings = {
				ASSETCATALOG_COMPILER_APPICON_NAME = AppIcon;
				ASSETCATALOG_COMPILER_GLOBAL_ACCENT_COLOR_NAME = AccentColor;
				CODE_SIGN_STYLE = Automatic;
				CURRENT_PROJECT_VERSION = 1;
				GENERATE_INFOPLIST_FILE = YES;
				INFOPLIST_FILE = voiceapp/Info.plist;
				INFOPLIST_KEY_UIApplicationSupportsIndirectInputEvents = YES;
				INFOPLIST_KEY_UILaunchStoryboardName = LaunchScreen;
				INFOPLIST_KEY_UIMainStoryboardFile = Main;
				INFOPLIST_KEY_UISupportedInterfaceOrientations_iPad = "UIInterfaceOrientationPortrait UIInterfaceOrientationPortraitUpsideDown UIInterfaceOrientationLandscapeLeft UIInterfaceOrientationLandscapeRight";
				INFOPLIST_KEY_UISupportedInterfaceOrientations_iPhone = "UIInterfaceOrientationPortrait UIInterfaceOrientationLandscapeLeft UIInterfaceOrientationLandscapeRight";
				LD_RUNPATH_SEARCH_PATHS = (
					"$(inherited)",
					"@executable_path/Frameworks",
				);
				MARKETING_VERSION = 1.0;
				PRODUCT_BUNDLE_IDENTIFIER = shaadi.com.voiceapp;
				PRODUCT_NAME = "$(TARGET_NAME)";
				SWIFT_EMIT_LOC_STRINGS = YES;
				SWIFT_VERSION = 5.0;
				TARGETED_DEVICE_FAMILY = "1,2";
			};
			name = Release;
		};
/* End XCBuildConfiguration section */

/* Begin XCConfigurationList section */
		AADAEBD42A4022820004F3EF /* Build configuration list for PBXProject "voiceapp" */ = {
			isa = XCConfigurationList;
			buildConfigurations = (
				AADAEBEB2A4022830004F3EF /* Debug */,
				AADAEBEC2A4022830004F3EF /* Release */,
			);
			defaultConfigurationIsVisible = 0;
			defaultConfigurationName = Release;
		};
		AADAEBED2A4022830004F3EF /* Build configuration list for PBXNativeTarget "voiceapp" */ = {
			isa = XCConfigurationList;
			buildConfigurations = (
				AADAEBEE2A4022830004F3EF /* Debug */,
				AADAEBEF2A4022830004F3EF /* Release */,
			);
			defaultConfigurationIsVisible = 0;
			defaultConfigurationName = Release;
		};
/* End XCConfigurationList section */
	};
	rootObject = AADAEBD12A4022820004F3EF /* Project object */;
}
